
Microsoft Visual Studio Solution File, Format Version 12.00
# Visual Studio 2013
VisualStudioVersion = 12.0.21005.1
MinimumVisualStudioVersion = 10.0.40219.1
Project("{F184B08F-C81C-45F6-A57F-5ABD9991F28F}") = "UserInterface", "UserInterface\UserInterface.vbproj", "{2BAAF7FE-BA0C-4C10-ADE0-6D39AC365839}"
	ProjectSection(ProjectDependencies) = postProject
		{E7591100-C746-49B9-BDB8-341F5C93F3DE} = {E7591100-C746-49B9-BDB8-341F5C93F3DE}
		{B4A7C52C-5FDC-4309-84C2-EA3F763F0046} = {B4A7C52C-5FDC-4309-84C2-EA3F763F0046}
		{1DBD68DD-814F-4821-9C37-A1BCB14A1503} = {1DBD68DD-814F-4821-9C37-A1BCB14A1503}
	EndProjectSection
EndProject
Project("{6989167D-11E4-40FE-8C1A-2192A86A7E90}") = "PFAMFortran", "PFAMFortran\PFAMFortran.vfproj", "{1DBD68DD-814F-4821-9C37-A1BCB14A1503}"
EndProject
Project("{6989167D-11E4-40FE-8C1A-2192A86A7E90}") = "PFAMpp1", "PFAMpp1\PFAMpp1.vfproj", "{B4A7C52C-5FDC-4309-84C2-EA3F763F0046}"
EndProject
Project("{6989167D-11E4-40FE-8C1A-2192A86A7E90}") = "VVWM_PFAM", "VVWM_PFAM\VVWM_PFAM.vfproj", "{E7591100-C746-49B9-BDB8-341F5C93F3DE}"
	ProjectSection(ProjectDependencies) = postProject
		{1DBD68DD-814F-4821-9C37-A1BCB14A1503} = {1DBD68DD-814F-4821-9C37-A1BCB14A1503}
	EndProjectSection
EndProject
Project("{6141683F-8A12-4E36-9623-2EB02B2C2303}") = "PFAM", "PFAM\PFAM.isproj", "{F4885D2F-CF7C-4C37-896B-1CEC7A258AF5}"
EndProject
Global
	GlobalSection(SolutionConfigurationPlatforms) = preSolution
		CD_ROM|Any CPU = CD_ROM|Any CPU
		CD_ROM|Mixed Platforms = CD_ROM|Mixed Platforms
		CD_ROM|Win32 = CD_ROM|Win32
		CD_ROM|x64 = CD_ROM|x64
		CD_ROM|x86 = CD_ROM|x86
		Debug|Any CPU = Debug|Any CPU
		Debug|Mixed Platforms = Debug|Mixed Platforms
		Debug|Win32 = Debug|Win32
		Debug|x64 = Debug|x64
		Debug|x86 = Debug|x86
		DVD-5|Any CPU = DVD-5|Any CPU
		DVD-5|Mixed Platforms = DVD-5|Mixed Platforms
		DVD-5|Win32 = DVD-5|Win32
		DVD-5|x64 = DVD-5|x64
		DVD-5|x86 = DVD-5|x86
		Hybrid|Any CPU = Hybrid|Any CPU
		Hybrid|Mixed Platforms = Hybrid|Mixed Platforms
		Hybrid|Win32 = Hybrid|Win32
		Hybrid|x64 = Hybrid|x64
		Hybrid|x86 = Hybrid|x86
		Release|Any CPU = Release|Any CPU
		Release|Mixed Platforms = Release|Mixed Platforms
		Release|Win32 = Release|Win32
		Release|x64 = Release|x64
		Release|x86 = Release|x86
		SingleImage|Any CPU = SingleImage|Any CPU
		SingleImage|Mixed Platforms = SingleImage|Mixed Platforms
		SingleImage|Win32 = SingleImage|Win32
		SingleImage|x64 = SingleImage|x64
		SingleImage|x86 = SingleImage|x86
	EndGlobalSection
	GlobalSection(ProjectConfigurationPlatforms) = postSolution
		{2BAAF7FE-BA0C-4C10-ADE0-6D39AC365839}.CD_ROM|Any CPU.ActiveCfg = Hybrid|Any CPU
		{2BAAF7FE-BA0C-4C10-ADE0-6D39AC365839}.CD_ROM|Any CPU.Build.0 = Hybrid|Any CPU
		{2BAAF7FE-BA0C-4C10-ADE0-6D39AC365839}.CD_ROM|Mixed Platforms.ActiveCfg = Release|x86
		{2BAAF7FE-BA0C-4C10-ADE0-6D39AC365839}.CD_ROM|Mixed Platforms.Build.0 = Release|x86
		{2BAAF7FE-BA0C-4C10-ADE0-6D39AC365839}.CD_ROM|Win32.ActiveCfg = Release|x86
		{2BAAF7FE-BA0C-4C10-ADE0-6D39AC365839}.CD_ROM|Win32.Build.0 = Release|x86
		{2BAAF7FE-BA0C-4C10-ADE0-6D39AC365839}.CD_ROM|x64.ActiveCfg = Hybrid|Any CPU
		{2BAAF7FE-BA0C-4C10-ADE0-6D39AC365839}.CD_ROM|x86.ActiveCfg = Release|x86
		{2BAAF7FE-BA0C-4C10-ADE0-6D39AC365839}.CD_ROM|x86.Build.0 = Release|x86
		{2BAAF7FE-BA0C-4C10-ADE0-6D39AC365839}.Debug|Any CPU.ActiveCfg = Debug|x86
		{2BAAF7FE-BA0C-4C10-ADE0-6D39AC365839}.Debug|Any CPU.Build.0 = Debug|x86
		{2BAAF7FE-BA0C-4C10-ADE0-6D39AC365839}.Debug|Mixed Platforms.ActiveCfg = Release|Any CPU
		{2BAAF7FE-BA0C-4C10-ADE0-6D39AC365839}.Debug|Mixed Platforms.Build.0 = Release|Any CPU
		{2BAAF7FE-BA0C-4C10-ADE0-6D39AC365839}.Debug|Win32.ActiveCfg = Debug|Any CPU
		{2BAAF7FE-BA0C-4C10-ADE0-6D39AC365839}.Debug|x64.ActiveCfg = Debug|x86
		{2BAAF7FE-BA0C-4C10-ADE0-6D39AC365839}.Debug|x86.ActiveCfg = Debug|x86
		{2BAAF7FE-BA0C-4C10-ADE0-6D39AC365839}.Debug|x86.Build.0 = Debug|x86
		{2BAAF7FE-BA0C-4C10-ADE0-6D39AC365839}.DVD-5|Any CPU.ActiveCfg = Debug|Any CPU
		{2BAAF7FE-BA0C-4C10-ADE0-6D39AC365839}.DVD-5|Any CPU.Build.0 = Debug|Any CPU
		{2BAAF7FE-BA0C-4C10-ADE0-6D39AC365839}.DVD-5|Mixed Platforms.ActiveCfg = Debug|x86
		{2BAAF7FE-BA0C-4C10-ADE0-6D39AC365839}.DVD-5|Mixed Platforms.Build.0 = Debug|x86
		{2BAAF7FE-BA0C-4C10-ADE0-6D39AC365839}.DVD-5|Win32.ActiveCfg = Debug|x86
		{2BAAF7FE-BA0C-4C10-ADE0-6D39AC365839}.DVD-5|Win32.Build.0 = Debug|x86
		{2BAAF7FE-BA0C-4C10-ADE0-6D39AC365839}.DVD-5|x64.ActiveCfg = Debug|Any CPU
		{2BAAF7FE-BA0C-4C10-ADE0-6D39AC365839}.DVD-5|x86.ActiveCfg = Debug|x86
		{2BAAF7FE-BA0C-4C10-ADE0-6D39AC365839}.DVD-5|x86.Build.0 = Debug|x86
		{2BAAF7FE-BA0C-4C10-ADE0-6D39AC365839}.Hybrid|Any CPU.ActiveCfg = Hybrid|Any CPU
		{2BAAF7FE-BA0C-4C10-ADE0-6D39AC365839}.Hybrid|Any CPU.Build.0 = Hybrid|Any CPU
		{2BAAF7FE-BA0C-4C10-ADE0-6D39AC365839}.Hybrid|Mixed Platforms.ActiveCfg = Hybrid|x86
		{2BAAF7FE-BA0C-4C10-ADE0-6D39AC365839}.Hybrid|Mixed Platforms.Build.0 = Hybrid|x86
		{2BAAF7FE-BA0C-4C10-ADE0-6D39AC365839}.Hybrid|Win32.ActiveCfg = Hybrid|x86
		{2BAAF7FE-BA0C-4C10-ADE0-6D39AC365839}.Hybrid|x64.ActiveCfg = Hybrid|x86
		{2BAAF7FE-BA0C-4C10-ADE0-6D39AC365839}.Hybrid|x86.ActiveCfg = Hybrid|x86
		{2BAAF7FE-BA0C-4C10-ADE0-6D39AC365839}.Hybrid|x86.Build.0 = Hybrid|x86
		{2BAAF7FE-BA0C-4C10-ADE0-6D39AC365839}.Release|Any CPU.ActiveCfg = Release|x86
		{2BAAF7FE-BA0C-4C10-ADE0-6D39AC365839}.Release|Any CPU.Build.0 = Release|x86
		{2BAAF7FE-BA0C-4C10-ADE0-6D39AC365839}.Release|Mixed Platforms.ActiveCfg = Release|Any CPU
		{2BAAF7FE-BA0C-4C10-ADE0-6D39AC365839}.Release|Mixed Platforms.Build.0 = Release|Any CPU
		{2BAAF7FE-BA0C-4C10-ADE0-6D39AC365839}.Release|Win32.ActiveCfg = Release|Any CPU
		{2BAAF7FE-BA0C-4C10-ADE0-6D39AC365839}.Release|x64.ActiveCfg = Release|x86
		{2BAAF7FE-BA0C-4C10-ADE0-6D39AC365839}.Release|x64.Build.0 = Release|x86
		{2BAAF7FE-BA0C-4C10-ADE0-6D39AC365839}.Release|x86.ActiveCfg = Release|x86
		{2BAAF7FE-BA0C-4C10-ADE0-6D39AC365839}.Release|x86.Build.0 = Release|x86
		{2BAAF7FE-BA0C-4C10-ADE0-6D39AC365839}.SingleImage|Any CPU.ActiveCfg = Hybrid|Any CPU
		{2BAAF7FE-BA0C-4C10-ADE0-6D39AC365839}.SingleImage|Any CPU.Build.0 = Hybrid|Any CPU
		{2BAAF7FE-BA0C-4C10-ADE0-6D39AC365839}.SingleImage|Mixed Platforms.ActiveCfg = Release|x86
		{2BAAF7FE-BA0C-4C10-ADE0-6D39AC365839}.SingleImage|Mixed Platforms.Build.0 = Release|x86
		{2BAAF7FE-BA0C-4C10-ADE0-6D39AC365839}.SingleImage|Win32.ActiveCfg = Release|x86
		{2BAAF7FE-BA0C-4C10-ADE0-6D39AC365839}.SingleImage|Win32.Build.0 = Release|x86
		{2BAAF7FE-BA0C-4C10-ADE0-6D39AC365839}.SingleImage|x64.ActiveCfg = Hybrid|Any CPU
		{2BAAF7FE-BA0C-4C10-ADE0-6D39AC365839}.SingleImage|x86.ActiveCfg = Release|x86
		{2BAAF7FE-BA0C-4C10-ADE0-6D39AC365839}.SingleImage|x86.Build.0 = Release|x86
		{1DBD68DD-814F-4821-9C37-A1BCB14A1503}.CD_ROM|Any CPU.ActiveCfg = Hybrid|Win32
		{1DBD68DD-814F-4821-9C37-A1BCB14A1503}.CD_ROM|Mixed Platforms.ActiveCfg = Hybrid|Win32
		{1DBD68DD-814F-4821-9C37-A1BCB14A1503}.CD_ROM|Mixed Platforms.Build.0 = Hybrid|Win32
		{1DBD68DD-814F-4821-9C37-A1BCB14A1503}.CD_ROM|Win32.ActiveCfg = Hybrid|Win32
		{1DBD68DD-814F-4821-9C37-A1BCB14A1503}.CD_ROM|Win32.Build.0 = Hybrid|Win32
		{1DBD68DD-814F-4821-9C37-A1BCB14A1503}.CD_ROM|x64.ActiveCfg = Hybrid|Win32
		{1DBD68DD-814F-4821-9C37-A1BCB14A1503}.CD_ROM|x86.ActiveCfg = Hybrid|Win32
		{1DBD68DD-814F-4821-9C37-A1BCB14A1503}.CD_ROM|x86.Build.0 = Hybrid|Win32
		{1DBD68DD-814F-4821-9C37-A1BCB14A1503}.Debug|Any CPU.ActiveCfg = Debug|Win32
		{1DBD68DD-814F-4821-9C37-A1BCB14A1503}.Debug|Any CPU.Build.0 = Debug|Win32
		{1DBD68DD-814F-4821-9C37-A1BCB14A1503}.Debug|Mixed Platforms.ActiveCfg = Debug|Win32
		{1DBD68DD-814F-4821-9C37-A1BCB14A1503}.Debug|Mixed Platforms.Build.0 = Debug|Win32
		{1DBD68DD-814F-4821-9C37-A1BCB14A1503}.Debug|Win32.ActiveCfg = Debug|Win32
		{1DBD68DD-814F-4821-9C37-A1BCB14A1503}.Debug|Win32.Build.0 = Debug|Win32
		{1DBD68DD-814F-4821-9C37-A1BCB14A1503}.Debug|x64.ActiveCfg = Debug|Win32
		{1DBD68DD-814F-4821-9C37-A1BCB14A1503}.Debug|x86.ActiveCfg = Debug|Win32
		{1DBD68DD-814F-4821-9C37-A1BCB14A1503}.DVD-5|Any CPU.ActiveCfg = Debug|Win32
		{1DBD68DD-814F-4821-9C37-A1BCB14A1503}.DVD-5|Mixed Platforms.ActiveCfg = Debug|Win32
		{1DBD68DD-814F-4821-9C37-A1BCB14A1503}.DVD-5|Mixed Platforms.Build.0 = Debug|Win32
		{1DBD68DD-814F-4821-9C37-A1BCB14A1503}.DVD-5|Win32.ActiveCfg = Debug|Win32
		{1DBD68DD-814F-4821-9C37-A1BCB14A1503}.DVD-5|Win32.Build.0 = Debug|Win32
		{1DBD68DD-814F-4821-9C37-A1BCB14A1503}.DVD-5|x64.ActiveCfg = Debug|Win32
		{1DBD68DD-814F-4821-9C37-A1BCB14A1503}.DVD-5|x86.ActiveCfg = Debug|Win32
		{1DBD68DD-814F-4821-9C37-A1BCB14A1503}.DVD-5|x86.Build.0 = Debug|Win32
		{1DBD68DD-814F-4821-9C37-A1BCB14A1503}.Hybrid|Any CPU.ActiveCfg = Release|Win32
		{1DBD68DD-814F-4821-9C37-A1BCB14A1503}.Hybrid|Any CPU.Build.0 = Release|Win32
		{1DBD68DD-814F-4821-9C37-A1BCB14A1503}.Hybrid|Mixed Platforms.ActiveCfg = Hybrid|Win32
		{1DBD68DD-814F-4821-9C37-A1BCB14A1503}.Hybrid|Mixed Platforms.Build.0 = Hybrid|Win32
		{1DBD68DD-814F-4821-9C37-A1BCB14A1503}.Hybrid|Win32.ActiveCfg = Hybrid|Win32
		{1DBD68DD-814F-4821-9C37-A1BCB14A1503}.Hybrid|Win32.Build.0 = Hybrid|Win32
		{1DBD68DD-814F-4821-9C37-A1BCB14A1503}.Hybrid|x64.ActiveCfg = Hybrid|Win32
		{1DBD68DD-814F-4821-9C37-A1BCB14A1503}.Hybrid|x86.ActiveCfg = Hybrid|Win32
		{1DBD68DD-814F-4821-9C37-A1BCB14A1503}.Release|Any CPU.ActiveCfg = Release|Win32
		{1DBD68DD-814F-4821-9C37-A1BCB14A1503}.Release|Any CPU.Build.0 = Release|Win32
		{1DBD68DD-814F-4821-9C37-A1BCB14A1503}.Release|Mixed Platforms.ActiveCfg = Release|Win32
		{1DBD68DD-814F-4821-9C37-A1BCB14A1503}.Release|Mixed Platforms.Build.0 = Release|Win32
		{1DBD68DD-814F-4821-9C37-A1BCB14A1503}.Release|Win32.ActiveCfg = Release|Win32
		{1DBD68DD-814F-4821-9C37-A1BCB14A1503}.Release|Win32.Build.0 = Release|Win32
		{1DBD68DD-814F-4821-9C37-A1BCB14A1503}.Release|x64.ActiveCfg = Release|Win32
		{1DBD68DD-814F-4821-9C37-A1BCB14A1503}.Release|x64.Build.0 = Release|Win32
		{1DBD68DD-814F-4821-9C37-A1BCB14A1503}.Release|x86.ActiveCfg = Release|Win32
		{1DBD68DD-814F-4821-9C37-A1BCB14A1503}.SingleImage|Any CPU.ActiveCfg = Hybrid|Win32
		{1DBD68DD-814F-4821-9C37-A1BCB14A1503}.SingleImage|Mixed Platforms.ActiveCfg = Hybrid|Win32
		{1DBD68DD-814F-4821-9C37-A1BCB14A1503}.SingleImage|Mixed Platforms.Build.0 = Hybrid|Win32
		{1DBD68DD-814F-4821-9C37-A1BCB14A1503}.SingleImage|Win32.ActiveCfg = Hybrid|Win32
		{1DBD68DD-814F-4821-9C37-A1BCB14A1503}.SingleImage|Win32.Build.0 = Hybrid|Win32
		{1DBD68DD-814F-4821-9C37-A1BCB14A1503}.SingleImage|x64.ActiveCfg = Hybrid|Win32
		{1DBD68DD-814F-4821-9C37-A1BCB14A1503}.SingleImage|x86.ActiveCfg = Hybrid|Win32
		{1DBD68DD-814F-4821-9C37-A1BCB14A1503}.SingleImage|x86.Build.0 = Hybrid|Win32
		{B4A7C52C-5FDC-4309-84C2-EA3F763F0046}.CD_ROM|Any CPU.ActiveCfg = Hybrid|Win32
		{B4A7C52C-5FDC-4309-84C2-EA3F763F0046}.CD_ROM|Mixed Platforms.ActiveCfg = Hybrid|Win32
		{B4A7C52C-5FDC-4309-84C2-EA3F763F0046}.CD_ROM|Mixed Platforms.Build.0 = Hybrid|Win32
		{B4A7C52C-5FDC-4309-84C2-EA3F763F0046}.CD_ROM|Win32.ActiveCfg = Hybrid|Win32
		{B4A7C52C-5FDC-4309-84C2-EA3F763F0046}.CD_ROM|Win32.Build.0 = Hybrid|Win32
		{B4A7C52C-5FDC-4309-84C2-EA3F763F0046}.CD_ROM|x64.ActiveCfg = Hybrid|Win32
		{B4A7C52C-5FDC-4309-84C2-EA3F763F0046}.CD_ROM|x86.ActiveCfg = Hybrid|Win32
		{B4A7C52C-5FDC-4309-84C2-EA3F763F0046}.CD_ROM|x86.Build.0 = Hybrid|Win32
		{B4A7C52C-5FDC-4309-84C2-EA3F763F0046}.Debug|Any CPU.ActiveCfg = Debug|Win32
		{B4A7C52C-5FDC-4309-84C2-EA3F763F0046}.Debug|Any CPU.Build.0 = Debug|Win32
		{B4A7C52C-5FDC-4309-84C2-EA3F763F0046}.Debug|Mixed Platforms.ActiveCfg = Debug|Win32
		{B4A7C52C-5FDC-4309-84C2-EA3F763F0046}.Debug|Mixed Platforms.Build.0 = Debug|Win32
		{B4A7C52C-5FDC-4309-84C2-EA3F763F0046}.Debug|Win32.ActiveCfg = Debug|Win32
		{B4A7C52C-5FDC-4309-84C2-EA3F763F0046}.Debug|Win32.Build.0 = Debug|Win32
		{B4A7C52C-5FDC-4309-84C2-EA3F763F0046}.Debug|x64.ActiveCfg = Debug|Win32
		{B4A7C52C-5FDC-4309-84C2-EA3F763F0046}.Debug|x86.ActiveCfg = Debug|Win32
		{B4A7C52C-5FDC-4309-84C2-EA3F763F0046}.DVD-5|Any CPU.ActiveCfg = Debug|Win32
		{B4A7C52C-5FDC-4309-84C2-EA3F763F0046}.DVD-5|Mixed Platforms.ActiveCfg = Debug|Win32
		{B4A7C52C-5FDC-4309-84C2-EA3F763F0046}.DVD-5|Mixed Platforms.Build.0 = Debug|Win32
		{B4A7C52C-5FDC-4309-84C2-EA3F763F0046}.DVD-5|Win32.ActiveCfg = Debug|Win32
		{B4A7C52C-5FDC-4309-84C2-EA3F763F0046}.DVD-5|Win32.Build.0 = Debug|Win32
		{B4A7C52C-5FDC-4309-84C2-EA3F763F0046}.DVD-5|x64.ActiveCfg = Debug|Win32
		{B4A7C52C-5FDC-4309-84C2-EA3F763F0046}.DVD-5|x86.ActiveCfg = Debug|Win32
		{B4A7C52C-5FDC-4309-84C2-EA3F763F0046}.DVD-5|x86.Build.0 = Debug|Win32
		{B4A7C52C-5FDC-4309-84C2-EA3F763F0046}.Hybrid|Any CPU.ActiveCfg = Release|Win32
		{B4A7C52C-5FDC-4309-84C2-EA3F763F0046}.Hybrid|Any CPU.Build.0 = Release|Win32
		{B4A7C52C-5FDC-4309-84C2-EA3F763F0046}.Hybrid|Mixed Platforms.ActiveCfg = Hybrid|Win32
		{B4A7C52C-5FDC-4309-84C2-EA3F763F0046}.Hybrid|Mixed Platforms.Build.0 = Hybrid|Win32
		{B4A7C52C-5FDC-4309-84C2-EA3F763F0046}.Hybrid|Win32.ActiveCfg = Hybrid|Win32
		{B4A7C52C-5FDC-4309-84C2-EA3F763F0046}.Hybrid|Win32.Build.0 = Hybrid|Win32
		{B4A7C52C-5FDC-4309-84C2-EA3F763F0046}.Hybrid|x64.ActiveCfg = Hybrid|Win32
		{B4A7C52C-5FDC-4309-84C2-EA3F763F0046}.Hybrid|x86.ActiveCfg = Hybrid|Win32
		{B4A7C52C-5FDC-4309-84C2-EA3F763F0046}.Release|Any CPU.ActiveCfg = Release|Win32
		{B4A7C52C-5FDC-4309-84C2-EA3F763F0046}.Release|Any CPU.Build.0 = Release|Win32
		{B4A7C52C-5FDC-4309-84C2-EA3F763F0046}.Release|Mixed Platforms.ActiveCfg = Release|Win32
		{B4A7C52C-5FDC-4309-84C2-EA3F763F0046}.Release|Mixed Platforms.Build.0 = Release|Win32
		{B4A7C52C-5FDC-4309-84C2-EA3F763F0046}.Release|Win32.ActiveCfg = Release|Win32
		{B4A7C52C-5FDC-4309-84C2-EA3F763F0046}.Release|Win32.Build.0 = Release|Win32
		{B4A7C52C-5FDC-4309-84C2-EA3F763F0046}.Release|x64.ActiveCfg = Release|Win32
		{B4A7C52C-5FDC-4309-84C2-EA3F763F0046}.Release|x64.Build.0 = Release|Win32
		{B4A7C52C-5FDC-4309-84C2-EA3F763F0046}.Release|x86.ActiveCfg = Release|Win32
		{B4A7C52C-5FDC-4309-84C2-EA3F763F0046}.SingleImage|Any CPU.ActiveCfg = Hybrid|Win32
		{B4A7C52C-5FDC-4309-84C2-EA3F763F0046}.SingleImage|Mixed Platforms.ActiveCfg = Hybrid|Win32
		{B4A7C52C-5FDC-4309-84C2-EA3F763F0046}.SingleImage|Mixed Platforms.Build.0 = Hybrid|Win32
		{B4A7C52C-5FDC-4309-84C2-EA3F763F0046}.SingleImage|Win32.ActiveCfg = Hybrid|Win32
		{B4A7C52C-5FDC-4309-84C2-EA3F763F0046}.SingleImage|Win32.Build.0 = Hybrid|Win32
		{B4A7C52C-5FDC-4309-84C2-EA3F763F0046}.SingleImage|x64.ActiveCfg = Hybrid|Win32
		{B4A7C52C-5FDC-4309-84C2-EA3F763F0046}.SingleImage|x86.ActiveCfg = Hybrid|Win32
		{B4A7C52C-5FDC-4309-84C2-EA3F763F0046}.SingleImage|x86.Build.0 = Hybrid|Win32
		{E7591100-C746-49B9-BDB8-341F5C93F3DE}.CD_ROM|Any CPU.ActiveCfg = Release|Win32
		{E7591100-C746-49B9-BDB8-341F5C93F3DE}.CD_ROM|Mixed Platforms.ActiveCfg = Release|Win32
		{E7591100-C746-49B9-BDB8-341F5C93F3DE}.CD_ROM|Mixed Platforms.Build.0 = Release|Win32
		{E7591100-C746-49B9-BDB8-341F5C93F3DE}.CD_ROM|Win32.ActiveCfg = Release|Win32
		{E7591100-C746-49B9-BDB8-341F5C93F3DE}.CD_ROM|Win32.Build.0 = Release|Win32
		{E7591100-C746-49B9-BDB8-341F5C93F3DE}.CD_ROM|x64.ActiveCfg = Release|x64
		{E7591100-C746-49B9-BDB8-341F5C93F3DE}.CD_ROM|x64.Build.0 = Release|x64
		{E7591100-C746-49B9-BDB8-341F5C93F3DE}.CD_ROM|x86.ActiveCfg = Release|Win32
		{E7591100-C746-49B9-BDB8-341F5C93F3DE}.CD_ROM|x86.Build.0 = Release|Win32
		{E7591100-C746-49B9-BDB8-341F5C93F3DE}.Debug|Any CPU.ActiveCfg = Debug|Win32
		{E7591100-C746-49B9-BDB8-341F5C93F3DE}.Debug|Any CPU.Build.0 = Debug|Win32
		{E7591100-C746-49B9-BDB8-341F5C93F3DE}.Debug|Mixed Platforms.ActiveCfg = Debug|Win32
		{E7591100-C746-49B9-BDB8-341F5C93F3DE}.Debug|Mixed Platforms.Build.0 = Debug|Win32
		{E7591100-C746-49B9-BDB8-341F5C93F3DE}.Debug|Win32.ActiveCfg = Debug|Win32
		{E7591100-C746-49B9-BDB8-341F5C93F3DE}.Debug|Win32.Build.0 = Debug|Win32
		{E7591100-C746-49B9-BDB8-341F5C93F3DE}.Debug|x64.ActiveCfg = Debug|x64
		{E7591100-C746-49B9-BDB8-341F5C93F3DE}.Debug|x64.Build.0 = Debug|x64
		{E7591100-C746-49B9-BDB8-341F5C93F3DE}.Debug|x86.ActiveCfg = Debug|Win32
		{E7591100-C746-49B9-BDB8-341F5C93F3DE}.DVD-5|Any CPU.ActiveCfg = Debug|Win32
		{E7591100-C746-49B9-BDB8-341F5C93F3DE}.DVD-5|Mixed Platforms.ActiveCfg = Debug|Win32
		{E7591100-C746-49B9-BDB8-341F5C93F3DE}.DVD-5|Mixed Platforms.Build.0 = Debug|Win32
		{E7591100-C746-49B9-BDB8-341F5C93F3DE}.DVD-5|Win32.ActiveCfg = Debug|Win32
		{E7591100-C746-49B9-BDB8-341F5C93F3DE}.DVD-5|Win32.Build.0 = Debug|Win32
		{E7591100-C746-49B9-BDB8-341F5C93F3DE}.DVD-5|x64.ActiveCfg = Debug|x64
		{E7591100-C746-49B9-BDB8-341F5C93F3DE}.DVD-5|x64.Build.0 = Debug|x64
		{E7591100-C746-49B9-BDB8-341F5C93F3DE}.DVD-5|x86.ActiveCfg = Debug|Win32
		{E7591100-C746-49B9-BDB8-341F5C93F3DE}.DVD-5|x86.Build.0 = Debug|Win32
		{E7591100-C746-49B9-BDB8-341F5C93F3DE}.Hybrid|Any CPU.ActiveCfg = Hybrid|Win32
		{E7591100-C746-49B9-BDB8-341F5C93F3DE}.Hybrid|Any CPU.Build.0 = Hybrid|Win32
		{E7591100-C746-49B9-BDB8-341F5C93F3DE}.Hybrid|Mixed Platforms.ActiveCfg = Hybrid|Win32
		{E7591100-C746-49B9-BDB8-341F5C93F3DE}.Hybrid|Mixed Platforms.Build.0 = Hybrid|Win32
		{E7591100-C746-49B9-BDB8-341F5C93F3DE}.Hybrid|Win32.ActiveCfg = Hybrid|Win32
		{E7591100-C746-49B9-BDB8-341F5C93F3DE}.Hybrid|Win32.Build.0 = Hybrid|Win32
		{E7591100-C746-49B9-BDB8-341F5C93F3DE}.Hybrid|x64.ActiveCfg = Hybrid|x64
		{E7591100-C746-49B9-BDB8-341F5C93F3DE}.Hybrid|x64.Build.0 = Hybrid|x64
		{E7591100-C746-49B9-BDB8-341F5C93F3DE}.Hybrid|x86.ActiveCfg = Hybrid|Win32
		{E7591100-C746-49B9-BDB8-341F5C93F3DE}.Release|Any CPU.ActiveCfg = Release|Win32
		{E7591100-C746-49B9-BDB8-341F5C93F3DE}.Release|Any CPU.Build.0 = Release|Win32
		{E7591100-C746-49B9-BDB8-341F5C93F3DE}.Release|Mixed Platforms.ActiveCfg = Release|Win32
		{E7591100-C746-49B9-BDB8-341F5C93F3DE}.Release|Mixed Platforms.Build.0 = Release|Win32
		{E7591100-C746-49B9-BDB8-341F5C93F3DE}.Release|Win32.ActiveCfg = Release|Win32
		{E7591100-C746-49B9-BDB8-341F5C93F3DE}.Release|Win32.Build.0 = Release|Win32
		{E7591100-C746-49B9-BDB8-341F5C93F3DE}.Release|x64.ActiveCfg = Release|Win32
		{E7591100-C746-49B9-BDB8-341F5C93F3DE}.Release|x64.Build.0 = Release|Win32
		{E7591100-C746-49B9-BDB8-341F5C93F3DE}.Release|x86.ActiveCfg = Release|Win32
		{E7591100-C746-49B9-BDB8-341F5C93F3DE}.SingleImage|Any CPU.ActiveCfg = Release|Win32
		{E7591100-C746-49B9-BDB8-341F5C93F3DE}.SingleImage|Mixed Platforms.ActiveCfg = Release|Win32
		{E7591100-C746-49B9-BDB8-341F5C93F3DE}.SingleImage|Mixed Platforms.Build.0 = Release|Win32
		{E7591100-C746-49B9-BDB8-341F5C93F3DE}.SingleImage|Win32.ActiveCfg = Release|Win32
		{E7591100-C746-49B9-BDB8-341F5C93F3DE}.SingleImage|Win32.Build.0 = Release|Win32
		{E7591100-C746-49B9-BDB8-341F5C93F3DE}.SingleImage|x64.ActiveCfg = Release|x64
		{E7591100-C746-49B9-BDB8-341F5C93F3DE}.SingleImage|x64.Build.0 = Release|x64
		{E7591100-C746-49B9-BDB8-341F5C93F3DE}.SingleImage|x86.ActiveCfg = Release|Win32
		{E7591100-C746-49B9-BDB8-341F5C93F3DE}.SingleImage|x86.Build.0 = Release|Win32
		{F4885D2F-CF7C-4C37-896B-1CEC7A258AF5}.CD_ROM|Any CPU.ActiveCfg = CD_ROM
		{F4885D2F-CF7C-4C37-896B-1CEC7A258AF5}.CD_ROM|Any CPU.Build.0 = CD_ROM
		{F4885D2F-CF7C-4C37-896B-1CEC7A258AF5}.CD_ROM|Mixed Platforms.ActiveCfg = CD_ROM
		{F4885D2F-CF7C-4C37-896B-1CEC7A258AF5}.CD_ROM|Mixed Platforms.Build.0 = CD_ROM
		{F4885D2F-CF7C-4C37-896B-1CEC7A258AF5}.CD_ROM|Win32.ActiveCfg = CD_ROM
		{F4885D2F-CF7C-4C37-896B-1CEC7A258AF5}.CD_ROM|Win32.Build.0 = CD_ROM
		{F4885D2F-CF7C-4C37-896B-1CEC7A258AF5}.CD_ROM|x64.ActiveCfg = CD_ROM
		{F4885D2F-CF7C-4C37-896B-1CEC7A258AF5}.CD_ROM|x64.Build.0 = CD_ROM
		{F4885D2F-CF7C-4C37-896B-1CEC7A258AF5}.CD_ROM|x86.ActiveCfg = CD_ROM
		{F4885D2F-CF7C-4C37-896B-1CEC7A258AF5}.CD_ROM|x86.Build.0 = CD_ROM
		{F4885D2F-CF7C-4C37-896B-1CEC7A258AF5}.Debug|Any CPU.ActiveCfg = DVD-5
		{F4885D2F-CF7C-4C37-896B-1CEC7A258AF5}.Debug|Any CPU.Build.0 = DVD-5
		{F4885D2F-CF7C-4C37-896B-1CEC7A258AF5}.Debug|Mixed Platforms.ActiveCfg = DVD-5
		{F4885D2F-CF7C-4C37-896B-1CEC7A258AF5}.Debug|Mixed Platforms.Build.0 = DVD-5
		{F4885D2F-CF7C-4C37-896B-1CEC7A258AF5}.Debug|Win32.ActiveCfg = DVD-5
		{F4885D2F-CF7C-4C37-896B-1CEC7A258AF5}.Debug|Win32.Build.0 = DVD-5
		{F4885D2F-CF7C-4C37-896B-1CEC7A258AF5}.Debug|x64.ActiveCfg = DVD-5
		{F4885D2F-CF7C-4C37-896B-1CEC7A258AF5}.Debug|x64.Build.0 = DVD-5
		{F4885D2F-CF7C-4C37-896B-1CEC7A258AF5}.Debug|x86.ActiveCfg = DVD-5
		{F4885D2F-CF7C-4C37-896B-1CEC7A258AF5}.Debug|x86.Build.0 = DVD-5
		{F4885D2F-CF7C-4C37-896B-1CEC7A258AF5}.DVD-5|Any CPU.ActiveCfg = DVD-5
		{F4885D2F-CF7C-4C37-896B-1CEC7A258AF5}.DVD-5|Any CPU.Build.0 = DVD-5
		{F4885D2F-CF7C-4C37-896B-1CEC7A258AF5}.DVD-5|Mixed Platforms.ActiveCfg = DVD-5
		{F4885D2F-CF7C-4C37-896B-1CEC7A258AF5}.DVD-5|Mixed Platforms.Build.0 = DVD-5
		{F4885D2F-CF7C-4C37-896B-1CEC7A258AF5}.DVD-5|Win32.ActiveCfg = DVD-5
		{F4885D2F-CF7C-4C37-896B-1CEC7A258AF5}.DVD-5|Win32.Build.0 = DVD-5
		{F4885D2F-CF7C-4C37-896B-1CEC7A258AF5}.DVD-5|x64.ActiveCfg = DVD-5
		{F4885D2F-CF7C-4C37-896B-1CEC7A258AF5}.DVD-5|x64.Build.0 = DVD-5
		{F4885D2F-CF7C-4C37-896B-1CEC7A258AF5}.DVD-5|x86.ActiveCfg = DVD-5
		{F4885D2F-CF7C-4C37-896B-1CEC7A258AF5}.DVD-5|x86.Build.0 = DVD-5
		{F4885D2F-CF7C-4C37-896B-1CEC7A258AF5}.Hybrid|Any CPU.ActiveCfg = SingleImage
		{F4885D2F-CF7C-4C37-896B-1CEC7A258AF5}.Hybrid|Any CPU.Build.0 = SingleImage
		{F4885D2F-CF7C-4C37-896B-1CEC7A258AF5}.Hybrid|Mixed Platforms.ActiveCfg = SingleImage
		{F4885D2F-CF7C-4C37-896B-1CEC7A258AF5}.Hybrid|Mixed Platforms.Build.0 = SingleImage
		{F4885D2F-CF7C-4C37-896B-1CEC7A258AF5}.Hybrid|Win32.ActiveCfg = SingleImage
		{F4885D2F-CF7C-4C37-896B-1CEC7A258AF5}.Hybrid|Win32.Build.0 = SingleImage
		{F4885D2F-CF7C-4C37-896B-1CEC7A258AF5}.Hybrid|x64.ActiveCfg = SingleImage
		{F4885D2F-CF7C-4C37-896B-1CEC7A258AF5}.Hybrid|x64.Build.0 = SingleImage
		{F4885D2F-CF7C-4C37-896B-1CEC7A258AF5}.Hybrid|x86.ActiveCfg = SingleImage
		{F4885D2F-CF7C-4C37-896B-1CEC7A258AF5}.Hybrid|x86.Build.0 = SingleImage
		{F4885D2F-CF7C-4C37-896B-1CEC7A258AF5}.Release|Any CPU.ActiveCfg = SingleImage
		{F4885D2F-CF7C-4C37-896B-1CEC7A258AF5}.Release|Any CPU.Build.0 = SingleImage
		{F4885D2F-CF7C-4C37-896B-1CEC7A258AF5}.Release|Mixed Platforms.ActiveCfg = SingleImage
		{F4885D2F-CF7C-4C37-896B-1CEC7A258AF5}.Release|Mixed Platforms.Build.0 = SingleImage
		{F4885D2F-CF7C-4C37-896B-1CEC7A258AF5}.Release|Win32.ActiveCfg = SingleImage
		{F4885D2F-CF7C-4C37-896B-1CEC7A258AF5}.Release|Win32.Build.0 = SingleImage
		{F4885D2F-CF7C-4C37-896B-1CEC7A258AF5}.Release|x64.ActiveCfg = SingleImage
		{F4885D2F-CF7C-4C37-896B-1CEC7A258AF5}.Release|x64.Build.0 = SingleImage
		{F4885D2F-CF7C-4C37-896B-1CEC7A258AF5}.Release|x86.ActiveCfg = SingleImage
		{F4885D2F-CF7C-4C37-896B-1CEC7A258AF5}.Release|x86.Build.0 = SingleImage
		{F4885D2F-CF7C-4C37-896B-1CEC7A258AF5}.SingleImage|Any CPU.ActiveCfg = SingleImage
		{F4885D2F-CF7C-4C37-896B-1CEC7A258AF5}.SingleImage|Any CPU.Build.0 = SingleImage
		{F4885D2F-CF7C-4C37-896B-1CEC7A258AF5}.SingleImage|Mixed Platforms.ActiveCfg = SingleImage
		{F4885D2F-CF7C-4C37-896B-1CEC7A258AF5}.SingleImage|Mixed Platforms.Build.0 = SingleImage
		{F4885D2F-CF7C-4C37-896B-1CEC7A258AF5}.SingleImage|Win32.ActiveCfg = SingleImage
		{F4885D2F-CF7C-4C37-896B-1CEC7A258AF5}.SingleImage|Win32.Build.0 = SingleImage
		{F4885D2F-CF7C-4C37-896B-1CEC7A258AF5}.SingleImage|x64.ActiveCfg = SingleImage
		{F4885D2F-CF7C-4C37-896B-1CEC7A258AF5}.SingleImage|x64.Build.0 = SingleImage
		{F4885D2F-CF7C-4C37-896B-1CEC7A258AF5}.SingleImage|x86.ActiveCfg = SingleImage
		{F4885D2F-CF7C-4C37-896B-1CEC7A258AF5}.SingleImage|x86.Build.0 = SingleImage
	EndGlobalSection
	GlobalSection(SolutionProperties) = preSolution
		HideSolutionNode = FALSE
	EndGlobalSection
EndGlobal
